// !$*UTF8*$!
{
	archiveVersion = 1;
	classes = {
	};
	objectVersion = 46;
	objects = {

/* Begin PBXBuildFile section */
		497EF457A04E7ECB99FF498A /* Pods_archifeeld_ios.framework in Frameworks */ = {isa = PBXBuildFile; fileRef = 035BB2A7A434CAB1FB8DA470 /* Pods_archifeeld_ios.framework */; };
		872572931D5A62CF003C79BE /* NewsfeedViewController.swift in Sources */ = {isa = PBXBuildFile; fileRef = 872572921D5A62CF003C79BE /* NewsfeedViewController.swift */; };
		87B544E91D4B879C0049E301 /* AppDelegate.swift in Sources */ = {isa = PBXBuildFile; fileRef = 87B544E81D4B879C0049E301 /* AppDelegate.swift */; };
		87B544EB1D4B879C0049E301 /* ViewController.swift in Sources */ = {isa = PBXBuildFile; fileRef = 87B544EA1D4B879C0049E301 /* ViewController.swift */; };
		87B544EE1D4B879C0049E301 /* Main.storyboard in Resources */ = {isa = PBXBuildFile; fileRef = 87B544EC1D4B879C0049E301 /* Main.storyboard */; };
		87B544F01D4B879C0049E301 /* Assets.xcassets in Resources */ = {isa = PBXBuildFile; fileRef = 87B544EF1D4B879C0049E301 /* Assets.xcassets */; };
		87B544F31D4B879C0049E301 /* LaunchScreen.storyboard in Resources */ = {isa = PBXBuildFile; fileRef = 87B544F11D4B879C0049E301 /* LaunchScreen.storyboard */; };
/* End PBXBuildFile section */

/* Begin PBXFileReference section */
		035BB2A7A434CAB1FB8DA470 /* Pods_archifeeld_ios.framework */ = {isa = PBXFileReference; explicitFileType = wrapper.framework; includeInIndex = 0; path = Pods_archifeeld_ios.framework; sourceTree = BUILT_PRODUCTS_DIR; };
		8644BC4051597189C3103B66 /* Pods-archifeeld-ios.release.xcconfig */ = {isa = PBXFileReference; includeInIndex = 1; lastKnownFileType = text.xcconfig; name = "Pods-archifeeld-ios.release.xcconfig"; path = "Pods/Target Support Files/Pods-archifeeld-ios/Pods-archifeeld-ios.release.xcconfig"; sourceTree = "<group>"; };
		872572921D5A62CF003C79BE /* NewsfeedViewController.swift */ = {isa = PBXFileReference; fileEncoding = 4; lastKnownFileType = sourcecode.swift; path = NewsfeedViewController.swift; sourceTree = "<group>"; };
		87B544E51D4B879C0049E301 /* archifeeld-ios.app */ = {isa = PBXFileReference; explicitFileType = wrapper.application; includeInIndex = 0; path = "archifeeld-ios.app"; sourceTree = BUILT_PRODUCTS_DIR; };
		87B544E81D4B879C0049E301 /* AppDelegate.swift */ = {isa = PBXFileReference; lastKnownFileType = sourcecode.swift; path = AppDelegate.swift; sourceTree = "<group>"; };
		87B544EA1D4B879C0049E301 /* ViewController.swift */ = {isa = PBXFileReference; lastKnownFileType = sourcecode.swift; path = ViewController.swift; sourceTree = "<group>"; };
		87B544ED1D4B879C0049E301 /* Base */ = {isa = PBXFileReference; lastKnownFileType = file.storyboard; name = Base; path = Base.lproj/Main.storyboard; sourceTree = "<group>"; };
		87B544EF1D4B879C0049E301 /* Assets.xcassets */ = {isa = PBXFileReference; lastKnownFileType = folder.assetcatalog; path = Assets.xcassets; sourceTree = "<group>"; };
		87B544F21D4B879C0049E301 /* Base */ = {isa = PBXFileReference; lastKnownFileType = file.storyboard; name = Base; path = Base.lproj/LaunchScreen.storyboard; sourceTree = "<group>"; };
		87B544F41D4B879C0049E301 /* Info.plist */ = {isa = PBXFileReference; lastKnownFileType = text.plist.xml; path = Info.plist; sourceTree = "<group>"; };
		AB87616E806A983722E11DE6 /* Pods-archifeeld-ios.debug.xcconfig */ = {isa = PBXFileReference; includeInIndex = 1; lastKnownFileType = text.xcconfig; name = "Pods-archifeeld-ios.debug.xcconfig"; path = "Pods/Target Support Files/Pods-archifeeld-ios/Pods-archifeeld-ios.debug.xcconfig"; sourceTree = "<group>"; };
/* End PBXFileReference section */

/* Begin PBXFrameworksBuildPhase section */
		87B544E21D4B879C0049E301 /* Frameworks */ = {
			isa = PBXFrameworksBuildPhase;
			buildActionMask = 2147483647;
			files = (
				497EF457A04E7ECB99FF498A /* Pods_archifeeld_ios.framework in Frameworks */,
			);
			runOnlyForDeploymentPostprocessing = 0;
		};
/* End PBXFrameworksBuildPhase section */

/* Begin PBXGroup section */
		87B544DC1D4B879C0049E301 = {
			isa = PBXGroup;
			children = (
				87B544FA1D4B89070049E301 /* Frameworks */,
				87B544E71D4B879C0049E301 /* archifeeld-ios */,
				87B544E61D4B879C0049E301 /* Products */,
				8F48F9DE8D10CACE76073C0F /* Pods */,
			);
			sourceTree = "<group>";
		};
		87B544E61D4B879C0049E301 /* Products */ = {
			isa = PBXGroup;
			children = (
				87B544E51D4B879C0049E301 /* archifeeld-ios.app */,
			);
			name = Products;
			sourceTree = "<group>";
		};
		87B544E71D4B879C0049E301 /* archifeeld-ios */ = {
			isa = PBXGroup;
			children = (
				87B544E81D4B879C0049E301 /* AppDelegate.swift */,
				87B544EA1D4B879C0049E301 /* ViewController.swift */,
				87B544EC1D4B879C0049E301 /* Main.storyboard */,
				87B544EF1D4B879C0049E301 /* Assets.xcassets */,
				87B544F11D4B879C0049E301 /* LaunchScreen.storyboard */,
				87B544F41D4B879C0049E301 /* Info.plist */,
				872572921D5A62CF003C79BE /* NewsfeedViewController.swift */,
			);
			path = "archifeeld-ios";
			sourceTree = "<group>";
		};
		87B544FA1D4B89070049E301 /* Frameworks */ = {
			isa = PBXGroup;
			children = (
				035BB2A7A434CAB1FB8DA470 /* Pods_archifeeld_ios.framework */,
			);
			name = Frameworks;
			sourceTree = "<group>";
		};
		8F48F9DE8D10CACE76073C0F /* Pods */ = {
			isa = PBXGroup;
			children = (
				AB87616E806A983722E11DE6 /* Pods-archifeeld-ios.debug.xcconfig */,
				8644BC4051597189C3103B66 /* Pods-archifeeld-ios.release.xcconfig */,
			);
			name = Pods;
			sourceTree = "<group>";
		};
/* End PBXGroup section */

/* Begin PBXNativeTarget section */
		87B544E41D4B879C0049E301 /* archifeeld-ios */ = {
			isa = PBXNativeTarget;
			buildConfigurationList = 87B544F71D4B879C0049E301 /* Build configuration list for PBXNativeTarget "archifeeld-ios" */;
			buildPhases = (
				BAFB7C43750BFC198B48E23C /* [CP] Check Pods Manifest.lock */,
				87B544E11D4B879C0049E301 /* Sources */,
				87B544E21D4B879C0049E301 /* Frameworks */,
				87B544E31D4B879C0049E301 /* Resources */,
				87B8FE7CD181B4DF5D250CE0 /* [CP] Embed Pods Frameworks */,
				22CD9EDB468D927FD455E126 /* [CP] Copy Pods Resources */,
			);
			buildRules = (
			);
			dependencies = (
			);
			name = "archifeeld-ios";
			productName = "archifeeld-ios";
			productReference = 87B544E51D4B879C0049E301 /* archifeeld-ios.app */;
			productType = "com.apple.product-type.application";
		};
/* End PBXNativeTarget section */

/* Begin PBXProject section */
		87B544DD1D4B879C0049E301 /* Project object */ = {
			isa = PBXProject;
			attributes = {
				LastSwiftUpdateCheck = 0730;
				LastUpgradeCheck = 0730;
				ORGANIZATIONNAME = archifeeld;
				TargetAttributes = {
					87B544E41D4B879C0049E301 = {
						CreatedOnToolsVersion = 7.3.1;
						DevelopmentTeam = 8F8VRR2T36;
					};
				};
			};
			buildConfigurationList = 87B544E01D4B879C0049E301 /* Build configuration list for PBXProject "archifeeld-ios" */;
			compatibilityVersion = "Xcode 3.2";
			developmentRegion = English;
			hasScannedForEncodings = 0;
			knownRegions = (
				en,
				Base,
			);
			mainGroup = 87B544DC1D4B879C0049E301;
			productRefGroup = 87B544E61D4B879C0049E301 /* Products */;
			projectDirPath = "";
			projectRoot = "";
			targets = (
				87B544E41D4B879C0049E301 /* archifeeld-ios */,
			);
		};
/* End PBXProject section */

/* Begin PBXResourcesBuildPhase section */
		87B544E31D4B879C0049E301 /* Resources */ = {
			isa = PBXResourcesBuildPhase;
			buildActionMask = 2147483647;
			files = (
				87B544F31D4B879C0049E301 /* LaunchScreen.storyboard in Resources */,
				87B544F01D4B879C0049E301 /* Assets.xcassets in Resources */,
				87B544EE1D4B879C0049E301 /* Main.storyboard in Resources */,
			);
			runOnlyForDeploymentPostprocessing = 0;
		};
/* End PBXResourcesBuildPhase section */

/* Begin PBXShellScriptBuildPhase section */
		22CD9EDB468D927FD455E126 /* [CP] Copy Pods Resources */ = {
			isa = PBXShellScriptBuildPhase;
			buildActionMask = 2147483647;
			files = (
			);
			inputPaths = (
			);
			name = "[CP] Copy Pods Resources";
			outputPaths = (
			);
			runOnlyForDeploymentPostprocessing = 0;
			shellPath = /bin/sh;
			shellScript = "\"${SRCROOT}/Pods/Target Support Files/Pods-archifeeld-ios/Pods-archifeeld-ios-resources.sh\"\n";
			showEnvVarsInLog = 0;
		};
		87B8FE7CD181B4DF5D250CE0 /* [CP] Embed Pods Frameworks */ = {
			isa = PBXShellScriptBuildPhase;
			buildActionMask = 2147483647;
			files = (
			);
			inputPaths = (
			);
			name = "[CP] Embed Pods Frameworks";
			outputPaths = (
			);
			runOnlyForDeploymentPostprocessing = 0;
			shellPath = /bin/sh;
			shellScript = "\"${SRCROOT}/Pods/Target Support Files/Pods-archifeeld-ios/Pods-archifeeld-ios-frameworks.sh\"\n";
			showEnvVarsInLog = 0;
		};
		BAFB7C43750BFC198B48E23C /* [CP] Check Pods Manifest.lock */ = {
			isa = PBXShellScriptBuildPhase;
			buildActionMask = 2147483647;
			files = (
			);
			inputPaths = (
			);
			name = "[CP] Check Pods Manifest.lock";
			outputPaths = (
			);
			runOnlyForDeploymentPostprocessing = 0;
			shellPath = /bin/sh;
			shellScript = "diff \"${PODS_ROOT}/../Podfile.lock\" \"${PODS_ROOT}/Manifest.lock\" > /dev/null\nif [[ $? != 0 ]] ; then\n    cat << EOM\nerror: The sandbox is not in sync with the Podfile.lock. Run 'pod install' or update your CocoaPods installation.\nEOM\n    exit 1\nfi\n";
			showEnvVarsInLog = 0;
		};
/* End PBXShellScriptBuildPhase section */

/* Begin PBXSourcesBuildPhase section */
		87B544E11D4B879C0049E301 /* Sources */ = {
			isa = PBXSourcesBuildPhase;
			buildActionMask = 2147483647;
			files = (
				87B544EB1D4B879C0049E301 /* ViewController.swift in Sources */,
				87B544E91D4B879C0049E301 /* AppDelegate.swift in Sources */,
				872572931D5A62CF003C79BE /* NewsfeedViewController.swift in Sources */,
			);
			runOnlyForDeploymentPostprocessing = 0;
		};
/* End PBXSourcesBuildPhase section */

/* Begin PBXVariantGroup section */
		87B544EC1D4B879C0049E301 /* Main.storyboard */ = {
			isa = PBXVariantGroup;
			children = (
				87B544ED1D4B879C0049E301 /* Base */,
			);
			name = Main.storyboard;
			sourceTree = "<group>";
		};
		87B544F11D4B879C0049E301 /* LaunchScreen.storyboard */ = {
			isa = PBXVariantGroup;
			children = (
				87B544F21D4B879C0049E301 /* Base */,
			);
			name = LaunchScreen.storyboard;
			sourceTree = "<group>";
		};
/* End PBXVariantGroup section */

/* Begin XCBuildConfiguration section */
		87B544F51D4B879C0049E301 /* Debug */ = {
			isa = XCBuildConfiguration;
			buildSettings = {
				ALWAYS_SEARCH_USER_PATHS = NO;
				CLANG_ANALYZER_NONNULL = YES;
				CLANG_CXX_LANGUAGE_STANDARD = "gnu++0x";
				CLANG_CXX_LIBRARY = "libc++";
				CLANG_ENABLE_MODULES = YES;
				CLANG_ENABLE_OBJC_ARC = YES;
				CLANG_WARN_BOOL_CONVERSION = YES;
				CLANG_WARN_CONSTANT_CONVERSION = YES;
				CLANG_WARN_DIRECT_OBJC_ISA_USAGE = YES_ERROR;
				CLANG_WARN_EMPTY_BODY = YES;
				CLANG_WARN_ENUM_CONVERSION = YES;
				CLANG_WARN_INT_CONVERSION = YES;
				CLANG_WARN_OBJC_ROOT_CLASS = YES_ERROR;
				CLANG_WARN_UNREACHABLE_CODE = YES;
				CLANG_WARN__DUPLICATE_METHOD_MATCH = YES;
				"CODE_SIGN_IDENTITY[sdk=iphoneos*]" = "iPhone Developer";
				COPY_PHASE_STRIP = NO;
				DEBUG_INFORMATION_FORMAT = dwarf;
				ENABLE_STRICT_OBJC_MSGSEND = YES;
				ENABLE_TESTABILITY = YES;
				GCC_C_LANGUAGE_STANDARD = gnu99;
				GCC_DYNAMIC_NO_PIC = NO;
				GCC_NO_COMMON_BLOCKS = YES;
				GCC_OPTIMIZATION_LEVEL = 0;
				GCC_PREPROCESSOR_DEFINITIONS = (
					"DEBUG=1",
					"$(inherited)",
				);
				GCC_WARN_64_TO_32_BIT_CONVERSION = YES;
				GCC_WARN_ABOUT_RETURN_TYPE = YES_ERROR;
				GCC_WARN_UNDECLARED_SELECTOR = YES;
				GCC_WARN_UNINITIALIZED_AUTOS = YES_AGGRESSIVE;
				GCC_WARN_UNUSED_FUNCTION = YES;
				GCC_WARN_UNUSED_VARIABLE = YES;
				IPHONEOS_DEPLOYMENT_TARGET = 9.3;
				MTL_ENABLE_DEBUG_INFO = YES;
				ONLY_ACTIVE_ARCH = YES;
				SDKROOT = iphoneos;
				SWIFT_OBJC_BRIDGING_HEADER = "";
				SWIFT_OPTIMIZATION_LEVEL = "-Onone";
			};
			name = Debug;
		};
		87B544F61D4B879C0049E301 /* Release */ = {
			isa = XCBuildConfiguration;
			buildSettings = {
				ALWAYS_SEARCH_USER_PATHS = NO;
				CLANG_ANALYZER_NONNULL = YES;
				CLANG_CXX_LANGUAGE_STANDARD = "gnu++0x";
				CLANG_CXX_LIBRARY = "libc++";
				CLANG_ENABLE_MODULES = YES;
				CLANG_ENABLE_OBJC_ARC = YES;
				CLANG_WARN_BOOL_CONVERSION = YES;
				CLANG_WARN_CONSTANT_CONVERSION = YES;
				CLANG_WARN_DIRECT_OBJC_ISA_USAGE = YES_ERROR;
				CLANG_WARN_EMPTY_BODY = YES;
				CLANG_WARN_ENUM_CONVERSION = YES;
				CLANG_WARN_INT_CONVERSION = YES;
				CLANG_WARN_OBJC_ROOT_CLASS = YES_ERROR;
				CLANG_WARN_UNREACHABLE_CODE = YES;
				CLANG_WARN__DUPLICATE_METHOD_MATCH = YES;
				"CODE_SIGN_IDENTITY[sdk=iphoneos*]" = "iPhone Developer";
				COPY_PHASE_STRIP = NO;
				DEBUG_INFORMATION_FORMAT = "dwarf-with-dsym";
				ENABLE_NS_ASSERTIONS = NO;
				ENABLE_STRICT_OBJC_MSGSEND = YES;
				GCC_C_LANGUAGE_STANDARD = gnu99;
				GCC_NO_COMMON_BLOCKS = YES;
				GCC_WARN_64_TO_32_BIT_CONVERSION = YES;
				GCC_WARN_ABOUT_RETURN_TYPE = YES_ERROR;
				GCC_WARN_UNDECLARED_SELECTOR = YES;
				GCC_WARN_UNINITIALIZED_AUTOS = YES_AGGRESSIVE;
				GCC_WARN_UNUSED_FUNCTION = YES;
				GCC_WARN_UNUSED_VARIABLE = YES;
				IPHONEOS_DEPLOYMENT_TARGET = 9.3;
				MTL_ENABLE_DEBUG_INFO = NO;
				SDKROOT = iphoneos;
				SWIFT_OBJC_BRIDGING_HEADER = "";
				VALIDATE_PRODUCT = YES;
			};
			name = Release;
		};
		87B544F81D4B879C0049E301 /* Debug */ = {
			isa = XCBuildConfiguration;
			baseConfigurationReference = AB87616E806A983722E11DE6 /* Pods-archifeeld-ios.debug.xcconfig */;
			buildSettings = {
				ASSETCATALOG_COMPILER_APPICON_NAME = AppIcon;
				CODE_SIGN_IDENTITY = "iPhone Developer";
				"CODE_SIGN_IDENTITY[sdk=iphoneos*]" = "iPhone Developer";
				FRAMEWORK_SEARCH_PATHS = "$(inherited)";
				INFOPLIST_FILE = "archifeeld-ios/Info.plist";
				LD_RUNPATH_SEARCH_PATHS = "$(inherited) @executable_path/Frameworks";
				PRODUCT_BUNDLE_IDENTIFIER = "archifeeld.archifeeld-ios";
				PRODUCT_NAME = "$(TARGET_NAME)";
				PROVISIONING_PROFILE = "";
				SWIFT_OBJC_BRIDGING_HEADER = "";
			};
			name = Debug;
		};
		87B544F91D4B879C0049E301 /* Release */ = {
			isa = XCBuildConfiguration;
			baseConfigurationReference = 8644BC4051597189C3103B66 /* Pods-archifeeld-ios.release.xcconfig */;
			buildSettings = {
				ASSETCATALOG_COMPILER_APPICON_NAME = AppIcon;
				CODE_SIGN_IDENTITY = "iPhone Developer";
				"CODE_SIGN_IDENTITY[sdk=iphoneos*]" = "iPhone Developer";
				FRAMEWORK_SEARCH_PATHS = "$(inherited)";
				INFOPLIST_FILE = "archifeeld-ios/Info.plist";
				LD_RUNPATH_SEARCH_PATHS = "$(inherited) @executable_path/Frameworks";
				PRODUCT_BUNDLE_IDENTIFIER = "archifeeld.archifeeld-ios";
				PRODUCT_NAME = "$(TARGET_NAME)";
				PROVISIONING_PROFILE = "";
				SWIFT_OBJC_BRIDGING_HEADER = "";
			};
			name = Release;
		};
/* End XCBuildConfiguration section */

/* Begin XCConfigurationList section */
		87B544E01D4B879C0049E301 /* Build configuration list for PBXProject "archifeeld-ios" */ = {
			isa = XCConfigurationList;
			buildConfigurations = (
				87B544F51D4B879C0049E301 /* Debug */,
				87B544F61D4B879C0049E301 /* Release */,
			);
			defaultConfigurationIsVisible = 0;
			defaultConfigurationName = Release;
		};
		87B544F71D4B879C0049E301 /* Build configuration list for PBXNativeTarget "archifeeld-ios" */ = {
			isa = XCConfigurationList;
			buildConfigurations = (
				87B544F81D4B879C0049E301 /* Debug */,
				87B544F91D4B879C0049E301 /* Release */,
			);
			defaultConfigurationIsVisible = 0;
			defaultConfigurationName = Release;
		};
/* End XCConfigurationList section */
	};
	rootObject = 87B544DD1D4B879C0049E301 /* Project object */;
}
